
Microsoft Visual Studio Solution File, Format Version 12.00
# Visual Studio Version 17
VisualStudioVersion = 17.5.33502.453
MinimumVisualStudioVersion = 10.0.40219.1
Project("{FAE04EC0-301F-11D3-BF4B-00C04F79EFBC}") = "diagonal_negativo", "diagonal_negativo\diagonal_negativo.csproj", "{89D4F643-D004-4840-84F7-2BE0153DF9E6}"
EndProject
Global
	GlobalSection(SolutionConfigurationPlatforms) = preSolution
		Debug|Any CPU = Debug|Any CPU
		Release|Any CPU = Release|Any CPU
	EndGlobalSection
	GlobalSection(ProjectConfigurationPlatforms) = postSolution
		{89D4F643-D004-4840-84F7-2BE0153DF9E6}.Debug|Any CPU.ActiveCfg = Debug|Any CPU
		{89D4F643-D004-4840-84F7-2BE0153DF9E6}.Debug|Any CPU.Build.0 = Debug|Any CPU
		{89D4F643-D004-4840-84F7-2BE0153DF9E6}.Release|Any CPU.ActiveCfg = Release|Any CPU
		{89D4F643-D004-4840-84F7-2BE0153DF9E6}.Release|Any CPU.Build.0 = Release|Any CPU
	EndGlobalSection
	GlobalSection(SolutionProperties) = preSolution
		HideSolutionNode = FALSE
	EndGlobalSection
	GlobalSection(ExtensibilityGlobals) = postSolution
		SolutionGuid = {D91BD62D-3AAF-4A5A-9FB2-6989FB3E606C}
	EndGlobalSection
EndGlobal
